
Microsoft Visual Studio Solution File, Format Version 12.00
# Visual Studio 2013
VisualStudioVersion = 12.0.21005.1
MinimumVisualStudioVersion = 10.0.40219.1
Project("{FAE04EC0-301F-11D3-BF4B-00C04F79EFBC}") = "MyForm", "MyForm\MyForm.csproj", "{5960E6A9-FAC8-4604-8E1E-72BED2CB5201}"
EndProject
Project("{FAE04EC0-301F-11D3-BF4B-00C04F79EFBC}") = "Lab2_Demo", "Lab2_Demo\Lab2_Demo.csproj", "{567F5965-0F3F-4873-A1F9-D244E8B1F33F}"
EndProject
Global
	GlobalSection(SolutionConfigurationPlatforms) = preSolution
		Debug|Any CPU = Debug|Any CPU
		Release|Any CPU = Release|Any CPU
	EndGlobalSection
	GlobalSection(ProjectConfigurationPlatforms) = postSolution
		{5960E6A9-FAC8-4604-8E1E-72BED2CB5201}.Debug|Any CPU.ActiveCfg = Debug|Any CPU
		{5960E6A9-FAC8-4604-8E1E-72BED2CB5201}.Debug|Any CPU.Build.0 = Debug|Any CPU
		{5960E6A9-FAC8-4604-8E1E-72BED2CB5201}.Release|Any CPU.ActiveCfg = Release|Any CPU
		{5960E6A9-FAC8-4604-8E1E-72BED2CB5201}.Release|Any CPU.Build.0 = Release|Any CPU
		{567F5965-0F3F-4873-A1F9-D244E8B1F33F}.Debug|Any CPU.ActiveCfg = Debug|Any CPU
		{567F5965-0F3F-4873-A1F9-D244E8B1F33F}.Debug|Any CPU.Build.0 = Debug|Any CPU
		{567F5965-0F3F-4873-A1F9-D244E8B1F33F}.Release|Any CPU.ActiveCfg = Release|Any CPU
		{567F5965-0F3F-4873-A1F9-D244E8B1F33F}.Release|Any CPU.Build.0 = Release|Any CPU
	EndGlobalSection
	GlobalSection(SolutionProperties) = preSolution
		HideSolutionNode = FALSE
	EndGlobalSection
EndGlobal
