
Microsoft Visual Studio Solution File, Format Version 12.00
# Visual Studio Version 17
VisualStudioVersion = 17.5.33424.131
MinimumVisualStudioVersion = 10.0.40219.1
Project("{FAE04EC0-301F-11D3-BF4B-00C04F79EFBC}") = "2115260_LyThuyet2", "2115260_LyThuyet2\2115260_LyThuyet2.csproj", "{46916FF1-60CD-49B8-A8B1-AD3E708B187B}"
EndProject
Global
	GlobalSection(SolutionConfigurationPlatforms) = preSolution
		Debug|Any CPU = Debug|Any CPU
		Release|Any CPU = Release|Any CPU
	EndGlobalSection
	GlobalSection(ProjectConfigurationPlatforms) = postSolution
		{46916FF1-60CD-49B8-A8B1-AD3E708B187B}.Debug|Any CPU.ActiveCfg = Debug|Any CPU
		{46916FF1-60CD-49B8-A8B1-AD3E708B187B}.Debug|Any CPU.Build.0 = Debug|Any CPU
		{46916FF1-60CD-49B8-A8B1-AD3E708B187B}.Release|Any CPU.ActiveCfg = Release|Any CPU
		{46916FF1-60CD-49B8-A8B1-AD3E708B187B}.Release|Any CPU.Build.0 = Release|Any CPU
	EndGlobalSection
	GlobalSection(SolutionProperties) = preSolution
		HideSolutionNode = FALSE
	EndGlobalSection
	GlobalSection(ExtensibilityGlobals) = postSolution
		SolutionGuid = {01D39791-2BED-4EB7-826D-14A4F1D20278}
	EndGlobalSection
EndGlobal
